// !$*UTF8*$!
{ archiveVersion = 1; classes = {}; objectVersion = 60; objects = {
94C80A0A23C821FC297466F1 = { isa = PBXFileReference; lastKnownFileType = sourcecode.swift; path = "SatOrbital/Model/OrbitEngine.swift"; sourceTree = "<group>"; };
C8922D430F54300C485AA41D = { isa = PBXBuildFile; fileRef = 94C80A0A23C821FC297466F1; };
33CB44F0399D4BD9E38A86F9 = { isa = PBXFileReference; lastKnownFileType = sourcecode.swift; path = "SatOrbital/Model/OrbitRepository.swift"; sourceTree = "<group>"; };
F3B28B21C72815386536D91D = { isa = PBXBuildFile; fileRef = 33CB44F0399D4BD9E38A86F9; };
B0A834C01C072F0B69FDA52B = { isa = PBXFileReference; lastKnownFileType = sourcecode.swift; path = "SatOrbital/Model/OrbitalElements.swift"; sourceTree = "<group>"; };
B516888DCD2ADEBFC725FF4A = { isa = PBXBuildFile; fileRef = B0A834C01C072F0B69FDA52B; };
D48697F97180472382A0A846 = { isa = PBXFileReference; lastKnownFileType = sourcecode.swift; path = "SatOrbital/Model/TrackingFrame.swift"; sourceTree = "<group>"; };
D919E0637B05D5124D6FA870 = { isa = PBXBuildFile; fileRef = D48697F97180472382A0A846; };
76BCD3B57BF180A6BCDA61AC = { isa = PBXFileReference; lastKnownFileType = sourcecode.swift; path = "SatOrbital/SatOrbitalApp.swift"; sourceTree = "<group>"; };
CB5C1C0F19C791E1A047F6B0 = { isa = PBXBuildFile; fileRef = 76BCD3B57BF180A6BCDA61AC; };
A79023C0F14DC073F58DD391 = { isa = PBXFileReference; lastKnownFileType = sourcecode.swift; path = "SatOrbital/Scene/GlobeScene.swift"; sourceTree = "<group>"; };
E64FD4FF33818AB04801597F = { isa = PBXBuildFile; fileRef = A79023C0F14DC073F58DD391; };
B7C251AB02C54948C6A716D3 = { isa = PBXFileReference; lastKnownFileType = sourcecode.swift; path = "SatOrbital/Scene/GlobeView.swift"; sourceTree = "<group>"; };
BDE245F516E92F422EA9B454 = { isa = PBXBuildFile; fileRef = B7C251AB02C54948C6A716D3; };
C3D3DF5B0CA8B588C8D80460 = { isa = PBXFileReference; lastKnownFileType = sourcecode.swift; path = "SatOrbital/Scene/SceneGeometry.swift"; sourceTree = "<group>"; };
C788E6AF567DC5114B5B6A16 = { isa = PBXBuildFile; fileRef = C3D3DF5B0CA8B588C8D80460; };
05D70A04C2C38D6B5625EE0B = { isa = PBXFileReference; lastKnownFileType = sourcecode.swift; path = "SatOrbital/Tracking/TrackingStore.swift"; sourceTree = "<group>"; };
41845864780826728833DC54 = { isa = PBXBuildFile; fileRef = 05D70A04C2C38D6B5625EE0B; };
27C8D2ECEE9D1142065BE6D8 = { isa = PBXFileReference; lastKnownFileType = sourcecode.swift; path = "SatOrbital/Views/OrbitScreen.swift"; sourceTree = "<group>"; };
20B00AA8194DE8D5E39E51F3 = { isa = PBXBuildFile; fileRef = 27C8D2ECEE9D1142065BE6D8; };
E324F6C629DC3B103ABDD09C = { isa = PBXFileReference; lastKnownFileType = sourcecode.c.c; path = "Vendor/CSGP4/SGP4.c"; sourceTree = "<group>"; };
6624AF225F1B06B18CC9F86F = { isa = PBXBuildFile; fileRef = E324F6C629DC3B103ABDD09C; };
88FBBE2FC9612753E3998810 = { isa = PBXFileReference; lastKnownFileType = sourcecode.c.c; path = "Vendor/CSGP4/SatelliteSGP4.c"; sourceTree = "<group>"; };
F9737812D22080A2B2DE2BDC = { isa = PBXBuildFile; fileRef = 88FBBE2FC9612753E3998810; };
469D60F055982286C2A12022 = { isa = PBXFileReference; lastKnownFileType = image.jpeg; path = "SatOrbital/Resources/Earth.jpg"; sourceTree = "<group>"; };
2A3ECF2A7F53D7D96E0D1F90 = { isa = PBXBuildFile; fileRef = 469D60F055982286C2A12022; };
91BF5D7CCBF51BC7E686B3EC = { isa = PBXFileReference; lastKnownFileType = folder.assetcatalog; path = "SatOrbital/Resources/Assets.xcassets"; sourceTree = "<group>"; };
A3938ED12F4BDA1B0ABD518D = { isa = PBXBuildFile; fileRef = 91BF5D7CCBF51BC7E686B3EC; };
3530FFB48918060FD29547A9 = { isa = PBXFileReference; lastKnownFileType = text.json; path = "SatOrbital/Resources/ISSSeed.json"; sourceTree = "<group>"; };
53B4DE189A984EC0AEC760CD = { isa = PBXBuildFile; fileRef = 3530FFB48918060FD29547A9; };
4F4858724786639E1FB23250 = { isa = PBXFileReference; lastKnownFileType = text; path = "SatOrbital/Resources/ThirdPartyNotices.txt"; sourceTree = "<group>"; };
B50BB2B6A479660C256214B9 = { isa = PBXBuildFile; fileRef = 4F4858724786639E1FB23250; };
38A007151ABE87CC01A5B6E9 = { isa = PBXFileReference; explicitFileType = wrapper.application; includeInIndex = 0; path = SatOrbital.app; sourceTree = BUILT_PRODUCTS_DIR; };
FBDC4F23F93125BBEEAE800C = { isa = PBXGroup; children = (38A007151ABE87CC01A5B6E9,); name = Products; sourceTree = "<group>"; };
B28B7AF69320201D1CF206EB = { isa = PBXGroup; children = (94C80A0A23C821FC297466F1,33CB44F0399D4BD9E38A86F9,B0A834C01C072F0B69FDA52B,D48697F97180472382A0A846,76BCD3B57BF180A6BCDA61AC,A79023C0F14DC073F58DD391,B7C251AB02C54948C6A716D3,C3D3DF5B0CA8B588C8D80460,05D70A04C2C38D6B5625EE0B,27C8D2ECEE9D1142065BE6D8,E324F6C629DC3B103ABDD09C,88FBBE2FC9612753E3998810,469D60F055982286C2A12022,91BF5D7CCBF51BC7E686B3EC,3530FFB48918060FD29547A9,4F4858724786639E1FB23250,FBDC4F23F93125BBEEAE800C,); sourceTree = "<group>"; };
BCE16DD0260827ECF338C787 = { isa = PBXSourcesBuildPhase; buildActionMask = 2147483647; files = (C8922D430F54300C485AA41D,F3B28B21C72815386536D91D,B516888DCD2ADEBFC725FF4A,D919E0637B05D5124D6FA870,CB5C1C0F19C791E1A047F6B0,E64FD4FF33818AB04801597F,BDE245F516E92F422EA9B454,C788E6AF567DC5114B5B6A16,41845864780826728833DC54,20B00AA8194DE8D5E39E51F3,6624AF225F1B06B18CC9F86F,F9737812D22080A2B2DE2BDC,); runOnlyForDeploymentPostprocessing = 0; };
0189424A5A60FED329FA868E = { isa = PBXResourcesBuildPhase; buildActionMask = 2147483647; files = (2A3ECF2A7F53D7D96E0D1F90,A3938ED12F4BDA1B0ABD518D,53B4DE189A984EC0AEC760CD,B50BB2B6A479660C256214B9,); runOnlyForDeploymentPostprocessing = 0; };
7561BFB015D8F536760CB671 = { isa = PBXFrameworksBuildPhase; buildActionMask = 2147483647; files = (); runOnlyForDeploymentPostprocessing = 0; };
AB52CB08E0FDF02BF6C67C33 = { isa = XCBuildConfiguration; buildSettings = { CLANG_ENABLE_MODULES = "YES"; SWIFT_VERSION = "6.0"; IPHONEOS_DEPLOYMENT_TARGET = "18.0"; SDKROOT = "iphoneos"; DEBUG_INFORMATION_FORMAT = "dwarf"; SWIFT_OPTIMIZATION_LEVEL = "-Onone"; ENABLE_USER_SCRIPT_SANDBOXING = "YES"; SWIFT_ACTIVE_COMPILATION_CONDITIONS = "DEBUG"; }; name = Debug; };
59E1BEE911F66DA37FEBACDC = { isa = XCBuildConfiguration; buildSettings = { PRODUCT_NAME = "$(TARGET_NAME)"; PRODUCT_BUNDLE_IDENTIFIER = "com.example.SatOrbital"; GENERATE_INFOPLIST_FILE = "YES"; INFOPLIST_KEY_CFBundleDisplayName = "SatOrbital"; INFOPLIST_KEY_LSApplicationCategoryType = "public.app-category.education"; INFOPLIST_KEY_UIApplicationSceneManifest_Generation = "YES"; INFOPLIST_KEY_UILaunchScreen_Generation = "YES"; INFOPLIST_KEY_UIApplicationSupportsIndirectInputEvents = "YES"; INFOPLIST_KEY_UISupportedInterfaceOrientations = "UIInterfaceOrientationPortrait"; TARGETED_DEVICE_FAMILY = "1"; SUPPORTED_PLATFORMS = "iphoneos iphonesimulator"; SUPPORTS_MACCATALYST = "NO"; CODE_SIGN_STYLE = "Automatic"; MARKETING_VERSION = "0.2.0"; CURRENT_PROJECT_VERSION = "2"; SWIFT_INCLUDE_PATHS = "\"$(SRCROOT)/Vendor/CSGP4/include\""; HEADER_SEARCH_PATHS = "\"$(SRCROOT)/Vendor/CSGP4/include\""; ASSETCATALOG_COMPILER_APPICON_NAME = "AppIcon"; INFOPLIST_KEY_UIUserInterfaceStyle = "Dark"; SWIFT_STRICT_CONCURRENCY = "complete"; LD_RUNPATH_SEARCH_PATHS = "$(inherited) @executable_path/Frameworks"; }; name = Debug; };
5283471FF90C511CFE244FFF = { isa = XCBuildConfiguration; buildSettings = { CLANG_ENABLE_MODULES = "YES"; SWIFT_VERSION = "6.0"; IPHONEOS_DEPLOYMENT_TARGET = "18.0"; SDKROOT = "iphoneos"; DEBUG_INFORMATION_FORMAT = "dwarf-with-dsym"; SWIFT_OPTIMIZATION_LEVEL = "-O"; ENABLE_USER_SCRIPT_SANDBOXING = "YES"; }; name = Release; };
F4C425279CD5DDD18FD6DC6D = { isa = XCBuildConfiguration; buildSettings = { PRODUCT_NAME = "$(TARGET_NAME)"; PRODUCT_BUNDLE_IDENTIFIER = "com.example.SatOrbital"; GENERATE_INFOPLIST_FILE = "YES"; INFOPLIST_KEY_CFBundleDisplayName = "SatOrbital"; INFOPLIST_KEY_LSApplicationCategoryType = "public.app-category.education"; INFOPLIST_KEY_UIApplicationSceneManifest_Generation = "YES"; INFOPLIST_KEY_UILaunchScreen_Generation = "YES"; INFOPLIST_KEY_UIApplicationSupportsIndirectInputEvents = "YES"; INFOPLIST_KEY_UISupportedInterfaceOrientations = "UIInterfaceOrientationPortrait"; TARGETED_DEVICE_FAMILY = "1"; SUPPORTED_PLATFORMS = "iphoneos iphonesimulator"; SUPPORTS_MACCATALYST = "NO"; CODE_SIGN_STYLE = "Automatic"; MARKETING_VERSION = "0.2.0"; CURRENT_PROJECT_VERSION = "2"; SWIFT_INCLUDE_PATHS = "\"$(SRCROOT)/Vendor/CSGP4/include\""; HEADER_SEARCH_PATHS = "\"$(SRCROOT)/Vendor/CSGP4/include\""; ASSETCATALOG_COMPILER_APPICON_NAME = "AppIcon"; INFOPLIST_KEY_UIUserInterfaceStyle = "Dark"; SWIFT_STRICT_CONCURRENCY = "complete"; LD_RUNPATH_SEARCH_PATHS = "$(inherited) @executable_path/Frameworks"; }; name = Release; };
862894B703A6DEDF96A9DD6C = { isa = XCConfigurationList; buildConfigurations = (AB52CB08E0FDF02BF6C67C33,5283471FF90C511CFE244FFF,); defaultConfigurationIsVisible = 0; defaultConfigurationName = Release; };
C57128001CE614BF8549D6BB = { isa = XCConfigurationList; buildConfigurations = (59E1BEE911F66DA37FEBACDC,F4C425279CD5DDD18FD6DC6D,); defaultConfigurationIsVisible = 0; defaultConfigurationName = Release; };
0E8A3AD980EC179856012B7E = { isa = PBXNativeTarget; buildConfigurationList = C57128001CE614BF8549D6BB; buildPhases = (BCE16DD0260827ECF338C787,7561BFB015D8F536760CB671,0189424A5A60FED329FA868E,); buildRules = (); dependencies = (); name = SatOrbital; productName = SatOrbital; productReference = 38A007151ABE87CC01A5B6E9; productType = "com.apple.product-type.application"; };
98F54143AB4E86B28C3AFEE0 = { isa = PBXProject; attributes = { BuildIndependentTargetsInParallel = YES; LastSwiftUpdateCheck = 2600; LastUpgradeCheck = 2600; }; buildConfigurationList = 862894B703A6DEDF96A9DD6C; compatibilityVersion = "Xcode 15.0"; developmentRegion = en; hasScannedForEncodings = 0; knownRegions = (en, Base); mainGroup = B28B7AF69320201D1CF206EB; productRefGroup = FBDC4F23F93125BBEEAE800C; projectDirPath = ""; projectRoot = ""; targets = (0E8A3AD980EC179856012B7E,); };
}; rootObject = 98F54143AB4E86B28C3AFEE0; }
